
Microsoft Visual Studio Solution File, Format Version 12.00
# Visual Studio Version 16
VisualStudioVersion = 16.0.31624.102
MinimumVisualStudioVersion = 10.0.40219.1
Project("{FAE04EC0-301F-11D3-BF4B-00C04F79EFBC}") = "CSharpStudy", "CSharpStudy\CSharpStudy.csproj", "{AB9D1AF0-EB91-4E62-96D7-43A823DC76C8}"
EndProject
Global
	GlobalSection(SolutionConfigurationPlatforms) = preSolution
		Debug|Any CPU = Debug|Any CPU
		Release|Any CPU = Release|Any CPU
	EndGlobalSection
	GlobalSection(ProjectConfigurationPlatforms) = postSolution
		{AB9D1AF0-EB91-4E62-96D7-43A823DC76C8}.Debug|Any CPU.ActiveCfg = Debug|Any CPU
		{AB9D1AF0-EB91-4E62-96D7-43A823DC76C8}.Debug|Any CPU.Build.0 = Debug|Any CPU
		{AB9D1AF0-EB91-4E62-96D7-43A823DC76C8}.Release|Any CPU.ActiveCfg = Release|Any CPU
		{AB9D1AF0-EB91-4E62-96D7-43A823DC76C8}.Release|Any CPU.Build.0 = Release|Any CPU
	EndGlobalSection
	GlobalSection(SolutionProperties) = preSolution
		HideSolutionNode = FALSE
	EndGlobalSection
	GlobalSection(ExtensibilityGlobals) = postSolution
		SolutionGuid = {5711D148-69B6-4AC4-8872-A1C44723272A}
	EndGlobalSection
EndGlobal
